
Microsoft Visual Studio Solution File, Format Version 12.00
# Visual Studio Version 16
VisualStudioVersion = 16.0.30907.101
MinimumVisualStudioVersion = 10.0.40219.1
Project("{8BC9CEB8-8B4A-11D0-8D11-00A0C91BC942}") = "MS5", "MS5.vcxproj", "{38F5DB15-B5D3-4C99-8872-A815C9D521A7}"
EndProject
Global
	GlobalSection(SolutionConfigurationPlatforms) = preSolution
		Debug|x64 = Debug|x64
		Debug|x86 = Debug|x86
		Release|x64 = Release|x64
		Release|x86 = Release|x86
	EndGlobalSection
	GlobalSection(ProjectConfigurationPlatforms) = postSolution
		{38F5DB15-B5D3-4C99-8872-A815C9D521A7}.Debug|x64.ActiveCfg = Debug|x64
		{38F5DB15-B5D3-4C99-8872-A815C9D521A7}.Debug|x64.Build.0 = Debug|x64
		{38F5DB15-B5D3-4C99-8872-A815C9D521A7}.Debug|x86.ActiveCfg = Debug|Win32
		{38F5DB15-B5D3-4C99-8872-A815C9D521A7}.Debug|x86.Build.0 = Debug|Win32
		{38F5DB15-B5D3-4C99-8872-A815C9D521A7}.Release|x64.ActiveCfg = Release|x64
		{38F5DB15-B5D3-4C99-8872-A815C9D521A7}.Release|x64.Build.0 = Release|x64
		{38F5DB15-B5D3-4C99-8872-A815C9D521A7}.Release|x86.ActiveCfg = Release|Win32
		{38F5DB15-B5D3-4C99-8872-A815C9D521A7}.Release|x86.Build.0 = Release|Win32
	EndGlobalSection
	GlobalSection(SolutionProperties) = preSolution
		HideSolutionNode = FALSE
	EndGlobalSection
	GlobalSection(ExtensibilityGlobals) = postSolution
		SolutionGuid = {3C0336BE-92AF-46D7-92A0-E7419787214B}
	EndGlobalSection
EndGlobal
